
Microsoft Visual Studio Solution File, Format Version 12.00
# Visual Studio Version 17
VisualStudioVersion = 17.1.31903.286
MinimumVisualStudioVersion = 10.0.40219.1
Project("{9A19103F-16F7-4668-BE54-9A1E7A4F7556}") = "DAL", "DAL\DAL.csproj", "{30E38BED-708E-49B5-A7CF-DD5E8F388504}"
EndProject
Project("{9A19103F-16F7-4668-BE54-9A1E7A4F7556}") = "FPWEBAPI", "FPWEBAPI\FPWEBAPI.csproj", "{C308DF1A-CAAE-4857-8633-DC1665433491}"
EndProject
Project("{9A19103F-16F7-4668-BE54-9A1E7A4F7556}") = "BLL", "BLL\BLL.csproj", "{630B3A35-B10C-4C40-9EEA-BF8E26934E06}"
EndProject
Project("{2150E333-8FDC-42A3-9474-1A3956D46DE8}") = "Project2", "Project2", "{55F73698-9136-4D73-B0CE-62788C67C661}"
EndProject
Project("{2150E333-8FDC-42A3-9474-1A3956D46DE8}") = "Project1", "Project1", "{1312C0CF-7E8A-4C83-B8B2-CCB5759B1E3B}"
EndProject
Project("{9A19103F-16F7-4668-BE54-9A1E7A4F7556}") = "DAL", "Project2\DAL\DAL.csproj", "{435B2FD7-F0D2-40A5-9394-B3B23BA4C10C}"
EndProject
Project("{9A19103F-16F7-4668-BE54-9A1E7A4F7556}") = "WEBAPI__PR2", "WEBAPI__PR2\WEBAPI__PR2.csproj", "{F31EF48A-3F8C-4F9F-BE8A-831E9B28F68D}"
EndProject
Project("{9A19103F-16F7-4668-BE54-9A1E7A4F7556}") = "Tests", "Tests\Tests.csproj", "{555B71A4-ED4E-492C-98CD-2942BBA42321}"
EndProject
Project("{2150E333-8FDC-42A3-9474-1A3956D46DE8}") = "Project3", "Project3", "{D293C70A-FA8A-44D5-A6A5-BFA980B907BC}"
EndProject
Project("{9A19103F-16F7-4668-BE54-9A1E7A4F7556}") = "BlazorView", "BlazorView\BlazorView.csproj", "{AF401016-1BB6-45E9-BEDD-17D363B2723A}"
EndProject
Project("{9A19103F-16F7-4668-BE54-9A1E7A4F7556}") = "App", "App\App.csproj", "{7BAF2470-1D3A-4003-9C38-AD1E71E892C4}"
EndProject
Project("{9A19103F-16F7-4668-BE54-9A1E7A4F7556}") = "Domain", "Domain\Domain.csproj", "{454B0B76-6B05-4D7D-B472-64B9A7517E0E}"
EndProject
Project("{9A19103F-16F7-4668-BE54-9A1E7A4F7556}") = "Infrastructure", "Infrastructure\Infrastructure.csproj", "{F500EF7B-7980-4906-B4B4-D85832C52939}"
EndProject
Project("{9A19103F-16F7-4668-BE54-9A1E7A4F7556}") = "WEBAPI3", "WEBAPI3\WEBAPI3.csproj", "{394BEE6A-3EF1-45DC-9193-4DDDD792C352}"
EndProject
Project("{9A19103F-16F7-4668-BE54-9A1E7A4F7556}") = "BLLP2", "BLLP2\BLLP2.csproj", "{1142C621-B301-4FC7-B31B-F4A21DA14A82}"
EndProject
Project("{2150E333-8FDC-42A3-9474-1A3956D46DE8}") = "Project4Users", "Project4Users", "{B2CBF632-8AF2-4253-8C7C-416AEC051FC9}"
EndProject
Project("{9A19103F-16F7-4668-BE54-9A1E7A4F7556}") = "DALP4", "Project4Users\DALP4\DALP4.csproj", "{CDC4653D-A86F-4327-A6E1-35C578627CC7}"
EndProject
Project("{9A19103F-16F7-4668-BE54-9A1E7A4F7556}") = "BLLP4", "Project4Users\BLLP4\BLLP4.csproj", "{59CCA3AA-BCAE-481C-A3B1-007D3D35B6FD}"
EndProject
Project("{9A19103F-16F7-4668-BE54-9A1E7A4F7556}") = "APIP4", "Project4Users\APIP4\APIP4.csproj", "{1D7E6D9A-0AAF-49F8-9588-3DEA6B29E4B8}"
EndProject
Project("{E53339B2-1760-4266-BCC7-CA923CBCF16C}") = "docker-compose", "docker-compose.dcproj", "{D31B4E13-092E-4DCE-965E-95A6C505E5C5}"
EndProject
Global
	GlobalSection(SolutionConfigurationPlatforms) = preSolution
		Debug|Any CPU = Debug|Any CPU
		Release|Any CPU = Release|Any CPU
	EndGlobalSection
	GlobalSection(ProjectConfigurationPlatforms) = postSolution
		{30E38BED-708E-49B5-A7CF-DD5E8F388504}.Debug|Any CPU.ActiveCfg = Debug|Any CPU
		{30E38BED-708E-49B5-A7CF-DD5E8F388504}.Debug|Any CPU.Build.0 = Debug|Any CPU
		{30E38BED-708E-49B5-A7CF-DD5E8F388504}.Release|Any CPU.ActiveCfg = Release|Any CPU
		{30E38BED-708E-49B5-A7CF-DD5E8F388504}.Release|Any CPU.Build.0 = Release|Any CPU
		{C308DF1A-CAAE-4857-8633-DC1665433491}.Debug|Any CPU.ActiveCfg = Debug|Any CPU
		{C308DF1A-CAAE-4857-8633-DC1665433491}.Debug|Any CPU.Build.0 = Debug|Any CPU
		{C308DF1A-CAAE-4857-8633-DC1665433491}.Release|Any CPU.ActiveCfg = Release|Any CPU
		{C308DF1A-CAAE-4857-8633-DC1665433491}.Release|Any CPU.Build.0 = Release|Any CPU
		{630B3A35-B10C-4C40-9EEA-BF8E26934E06}.Debug|Any CPU.ActiveCfg = Debug|Any CPU
		{630B3A35-B10C-4C40-9EEA-BF8E26934E06}.Debug|Any CPU.Build.0 = Debug|Any CPU
		{630B3A35-B10C-4C40-9EEA-BF8E26934E06}.Release|Any CPU.ActiveCfg = Release|Any CPU
		{630B3A35-B10C-4C40-9EEA-BF8E26934E06}.Release|Any CPU.Build.0 = Release|Any CPU
		{435B2FD7-F0D2-40A5-9394-B3B23BA4C10C}.Debug|Any CPU.ActiveCfg = Debug|Any CPU
		{435B2FD7-F0D2-40A5-9394-B3B23BA4C10C}.Debug|Any CPU.Build.0 = Debug|Any CPU
		{435B2FD7-F0D2-40A5-9394-B3B23BA4C10C}.Release|Any CPU.ActiveCfg = Release|Any CPU
		{435B2FD7-F0D2-40A5-9394-B3B23BA4C10C}.Release|Any CPU.Build.0 = Release|Any CPU
		{F31EF48A-3F8C-4F9F-BE8A-831E9B28F68D}.Debug|Any CPU.ActiveCfg = Debug|Any CPU
		{F31EF48A-3F8C-4F9F-BE8A-831E9B28F68D}.Debug|Any CPU.Build.0 = Debug|Any CPU
		{F31EF48A-3F8C-4F9F-BE8A-831E9B28F68D}.Release|Any CPU.ActiveCfg = Release|Any CPU
		{F31EF48A-3F8C-4F9F-BE8A-831E9B28F68D}.Release|Any CPU.Build.0 = Release|Any CPU
		{555B71A4-ED4E-492C-98CD-2942BBA42321}.Debug|Any CPU.ActiveCfg = Debug|Any CPU
		{555B71A4-ED4E-492C-98CD-2942BBA42321}.Debug|Any CPU.Build.0 = Debug|Any CPU
		{555B71A4-ED4E-492C-98CD-2942BBA42321}.Release|Any CPU.ActiveCfg = Release|Any CPU
		{555B71A4-ED4E-492C-98CD-2942BBA42321}.Release|Any CPU.Build.0 = Release|Any CPU
		{AF401016-1BB6-45E9-BEDD-17D363B2723A}.Debug|Any CPU.ActiveCfg = Debug|Any CPU
		{AF401016-1BB6-45E9-BEDD-17D363B2723A}.Debug|Any CPU.Build.0 = Debug|Any CPU
		{AF401016-1BB6-45E9-BEDD-17D363B2723A}.Release|Any CPU.ActiveCfg = Release|Any CPU
		{AF401016-1BB6-45E9-BEDD-17D363B2723A}.Release|Any CPU.Build.0 = Release|Any CPU
		{7BAF2470-1D3A-4003-9C38-AD1E71E892C4}.Debug|Any CPU.ActiveCfg = Debug|Any CPU
		{7BAF2470-1D3A-4003-9C38-AD1E71E892C4}.Debug|Any CPU.Build.0 = Debug|Any CPU
		{7BAF2470-1D3A-4003-9C38-AD1E71E892C4}.Release|Any CPU.ActiveCfg = Release|Any CPU
		{7BAF2470-1D3A-4003-9C38-AD1E71E892C4}.Release|Any CPU.Build.0 = Release|Any CPU
		{454B0B76-6B05-4D7D-B472-64B9A7517E0E}.Debug|Any CPU.ActiveCfg = Debug|Any CPU
		{454B0B76-6B05-4D7D-B472-64B9A7517E0E}.Debug|Any CPU.Build.0 = Debug|Any CPU
		{454B0B76-6B05-4D7D-B472-64B9A7517E0E}.Release|Any CPU.ActiveCfg = Release|Any CPU
		{454B0B76-6B05-4D7D-B472-64B9A7517E0E}.Release|Any CPU.Build.0 = Release|Any CPU
		{F500EF7B-7980-4906-B4B4-D85832C52939}.Debug|Any CPU.ActiveCfg = Debug|Any CPU
		{F500EF7B-7980-4906-B4B4-D85832C52939}.Debug|Any CPU.Build.0 = Debug|Any CPU
		{F500EF7B-7980-4906-B4B4-D85832C52939}.Release|Any CPU.ActiveCfg = Release|Any CPU
		{F500EF7B-7980-4906-B4B4-D85832C52939}.Release|Any CPU.Build.0 = Release|Any CPU
		{394BEE6A-3EF1-45DC-9193-4DDDD792C352}.Debug|Any CPU.ActiveCfg = Debug|Any CPU
		{394BEE6A-3EF1-45DC-9193-4DDDD792C352}.Debug|Any CPU.Build.0 = Debug|Any CPU
		{394BEE6A-3EF1-45DC-9193-4DDDD792C352}.Release|Any CPU.ActiveCfg = Release|Any CPU
		{394BEE6A-3EF1-45DC-9193-4DDDD792C352}.Release|Any CPU.Build.0 = Release|Any CPU
		{1142C621-B301-4FC7-B31B-F4A21DA14A82}.Debug|Any CPU.ActiveCfg = Debug|Any CPU
		{1142C621-B301-4FC7-B31B-F4A21DA14A82}.Debug|Any CPU.Build.0 = Debug|Any CPU
		{1142C621-B301-4FC7-B31B-F4A21DA14A82}.Release|Any CPU.ActiveCfg = Release|Any CPU
		{1142C621-B301-4FC7-B31B-F4A21DA14A82}.Release|Any CPU.Build.0 = Release|Any CPU
		{CDC4653D-A86F-4327-A6E1-35C578627CC7}.Debug|Any CPU.ActiveCfg = Debug|Any CPU
		{CDC4653D-A86F-4327-A6E1-35C578627CC7}.Debug|Any CPU.Build.0 = Debug|Any CPU
		{CDC4653D-A86F-4327-A6E1-35C578627CC7}.Release|Any CPU.ActiveCfg = Release|Any CPU
		{CDC4653D-A86F-4327-A6E1-35C578627CC7}.Release|Any CPU.Build.0 = Release|Any CPU
		{59CCA3AA-BCAE-481C-A3B1-007D3D35B6FD}.Debug|Any CPU.ActiveCfg = Debug|Any CPU
		{59CCA3AA-BCAE-481C-A3B1-007D3D35B6FD}.Debug|Any CPU.Build.0 = Debug|Any CPU
		{59CCA3AA-BCAE-481C-A3B1-007D3D35B6FD}.Release|Any CPU.ActiveCfg = Release|Any CPU
		{59CCA3AA-BCAE-481C-A3B1-007D3D35B6FD}.Release|Any CPU.Build.0 = Release|Any CPU
		{1D7E6D9A-0AAF-49F8-9588-3DEA6B29E4B8}.Debug|Any CPU.ActiveCfg = Debug|Any CPU
		{1D7E6D9A-0AAF-49F8-9588-3DEA6B29E4B8}.Debug|Any CPU.Build.0 = Debug|Any CPU
		{1D7E6D9A-0AAF-49F8-9588-3DEA6B29E4B8}.Release|Any CPU.ActiveCfg = Release|Any CPU
		{1D7E6D9A-0AAF-49F8-9588-3DEA6B29E4B8}.Release|Any CPU.Build.0 = Release|Any CPU
		{D31B4E13-092E-4DCE-965E-95A6C505E5C5}.Debug|Any CPU.ActiveCfg = Debug|Any CPU
		{D31B4E13-092E-4DCE-965E-95A6C505E5C5}.Debug|Any CPU.Build.0 = Debug|Any CPU
		{D31B4E13-092E-4DCE-965E-95A6C505E5C5}.Release|Any CPU.ActiveCfg = Release|Any CPU
		{D31B4E13-092E-4DCE-965E-95A6C505E5C5}.Release|Any CPU.Build.0 = Release|Any CPU
	EndGlobalSection
	GlobalSection(SolutionProperties) = preSolution
		HideSolutionNode = FALSE
	EndGlobalSection
	GlobalSection(NestedProjects) = preSolution
		{30E38BED-708E-49B5-A7CF-DD5E8F388504} = {1312C0CF-7E8A-4C83-B8B2-CCB5759B1E3B}
		{C308DF1A-CAAE-4857-8633-DC1665433491} = {1312C0CF-7E8A-4C83-B8B2-CCB5759B1E3B}
		{630B3A35-B10C-4C40-9EEA-BF8E26934E06} = {1312C0CF-7E8A-4C83-B8B2-CCB5759B1E3B}
		{435B2FD7-F0D2-40A5-9394-B3B23BA4C10C} = {55F73698-9136-4D73-B0CE-62788C67C661}
		{F31EF48A-3F8C-4F9F-BE8A-831E9B28F68D} = {55F73698-9136-4D73-B0CE-62788C67C661}
		{7BAF2470-1D3A-4003-9C38-AD1E71E892C4} = {D293C70A-FA8A-44D5-A6A5-BFA980B907BC}
		{454B0B76-6B05-4D7D-B472-64B9A7517E0E} = {D293C70A-FA8A-44D5-A6A5-BFA980B907BC}
		{F500EF7B-7980-4906-B4B4-D85832C52939} = {D293C70A-FA8A-44D5-A6A5-BFA980B907BC}
		{394BEE6A-3EF1-45DC-9193-4DDDD792C352} = {D293C70A-FA8A-44D5-A6A5-BFA980B907BC}
		{1142C621-B301-4FC7-B31B-F4A21DA14A82} = {55F73698-9136-4D73-B0CE-62788C67C661}
		{CDC4653D-A86F-4327-A6E1-35C578627CC7} = {B2CBF632-8AF2-4253-8C7C-416AEC051FC9}
		{59CCA3AA-BCAE-481C-A3B1-007D3D35B6FD} = {B2CBF632-8AF2-4253-8C7C-416AEC051FC9}
		{1D7E6D9A-0AAF-49F8-9588-3DEA6B29E4B8} = {B2CBF632-8AF2-4253-8C7C-416AEC051FC9}
	EndGlobalSection
	GlobalSection(ExtensibilityGlobals) = postSolution
		SolutionGuid = {EAE6EC10-6BA9-49D8-95DB-9B71E7DD59A5}
	EndGlobalSection
EndGlobal
